# This file is automatically @generated by Poetry 1.7.1 and should not be changed by hand.

[[package]]
name = "reactivex"
version = "4.0.4"
description = "ReactiveX (Rx) for Python"
optional = false
python-versions = ">=3.7,<4.0"
files = [
    {file = "reactivex-4.0.4-py3-none-any.whl", hash = "sha256:0004796c420bd9e68aad8e65627d85a8e13f293de76656165dffbcb3a0e3fb6a"},
    {file = "reactivex-4.0.4.tar.gz", hash = "sha256:e912e6591022ab9176df8348a653fe8c8fa7a301f26f9931c9d8c78a650e04e8"},
]

[package.dependencies]
typing-extensions = ">=4.1.1,<5.0.0"

[[package]]
name = "typing-extensions"
version = "4.12.2"
description = "Backported and Experimental Type Hints for Python 3.8+"
optional = false
python-versions = ">=3.8"
files = [
    {file = "typing_extensions-4.12.2-py3-none-any.whl", hash = "sha256:04e5ca0351e0f3f85c6853954072df659d0d13fac324d0072316b67d7794700d"},
    {file = "typing_extensions-4.12.2.tar.gz", hash = "sha256:1a7ead55c7e559dd4dee8856e3a88b41225abfe1ce8df57b7c13915fe121ffb8"},
]

[metadata]
lock-version = "2.0"
python-versions = "^3.12"
content-hash = "7b96dc499195615b4a15311984b4640c5e6428edfa1913b57c95276045521480"
